
Microsoft Visual Studio Solution File, Format Version 12.00
# Visual Studio Version 17
VisualStudioVersion = 17.5.002.0
MinimumVisualStudioVersion = 10.0.40219.1
Project("{9A19103F-16F7-4668-BE54-9A1E7A4F7556}") = "expenses.api", "expenses.api.csproj", "{81B1ECA4-841B-4896-A4D4-459757BCBD17}"
EndProject
Global
	GlobalSection(SolutionConfigurationPlatforms) = preSolution
		Debug|Any CPU = Debug|Any CPU
		Release|Any CPU = Release|Any CPU
	EndGlobalSection
	GlobalSection(ProjectConfigurationPlatforms) = postSolution
		{81B1ECA4-841B-4896-A4D4-459757BCBD17}.Debug|Any CPU.ActiveCfg = Debug|Any CPU
		{81B1ECA4-841B-4896-A4D4-459757BCBD17}.Debug|Any CPU.Build.0 = Debug|Any CPU
		{81B1ECA4-841B-4896-A4D4-459757BCBD17}.Release|Any CPU.ActiveCfg = Release|Any CPU
		{81B1ECA4-841B-4896-A4D4-459757BCBD17}.Release|Any CPU.Build.0 = Release|Any CPU
	EndGlobalSection
	GlobalSection(SolutionProperties) = preSolution
		HideSolutionNode = FALSE
	EndGlobalSection
	GlobalSection(ExtensibilityGlobals) = postSolution
		SolutionGuid = {4CC46599-C9E6-42F1-8810-0ED968976142}
	EndGlobalSection
EndGlobal
