
Microsoft Visual Studio Solution File, Format Version 12.00
# Visual Studio Version 17
VisualStudioVersion = 17.0.31903.59
MinimumVisualStudioVersion = 10.0.40219.1
Project("{FAE04EC0-301F-11D3-BF4B-00C04F79EFBC}") = "expenses.api", "expenses.api\expenses.api.csproj", "{6B75129E-5A68-4C0D-A733-E4501D6AB09D}"
EndProject
Project("{FAE04EC0-301F-11D3-BF4B-00C04F79EFBC}") = "expenses.domain", "expenses.domain\expenses.domain.csproj", "{D45918C3-1094-4653-869B-C3C8F139F768}"
EndProject
Project("{FAE04EC0-301F-11D3-BF4B-00C04F79EFBC}") = "expenses.db", "expenses.db\expenses.db.sqlproj", "{FB74EC87-2344-4F70-B9FB-1761D6F942FA}"
EndProject
Global
	GlobalSection(SolutionConfigurationPlatforms) = preSolution
		Debug|Any CPU = Debug|Any CPU
		Release|Any CPU = Release|Any CPU
	EndGlobalSection
	GlobalSection(SolutionProperties) = preSolution
		HideSolutionNode = FALSE
	EndGlobalSection
	GlobalSection(ProjectConfigurationPlatforms) = postSolution
		{6B75129E-5A68-4C0D-A733-E4501D6AB09D}.Debug|Any CPU.ActiveCfg = Debug|Any CPU
		{6B75129E-5A68-4C0D-A733-E4501D6AB09D}.Debug|Any CPU.Build.0 = Debug|Any CPU
		{6B75129E-5A68-4C0D-A733-E4501D6AB09D}.Release|Any CPU.ActiveCfg = Release|Any CPU
		{6B75129E-5A68-4C0D-A733-E4501D6AB09D}.Release|Any CPU.Build.0 = Release|Any CPU
		{D45918C3-1094-4653-869B-C3C8F139F768}.Debug|Any CPU.ActiveCfg = Debug|Any CPU
		{D45918C3-1094-4653-869B-C3C8F139F768}.Debug|Any CPU.Build.0 = Debug|Any CPU
		{D45918C3-1094-4653-869B-C3C8F139F768}.Release|Any CPU.ActiveCfg = Release|Any CPU
		{D45918C3-1094-4653-869B-C3C8F139F768}.Release|Any CPU.Build.0 = Release|Any CPU
		{FB74EC87-2344-4F70-B9FB-1761D6F942FA}.Debug|Any CPU.ActiveCfg = Debug|Any CPU
		{FB74EC87-2344-4F70-B9FB-1761D6F942FA}.Debug|Any CPU.Build.0 = Debug|Any CPU
		{FB74EC87-2344-4F70-B9FB-1761D6F942FA}.Release|Any CPU.ActiveCfg = Release|Any CPU
		{FB74EC87-2344-4F70-B9FB-1761D6F942FA}.Release|Any CPU.Build.0 = Release|Any CPU
	EndGlobalSection
EndGlobal
